
Microsoft Visual Studio Solution File, Format Version 12.00
# Visual Studio 14
VisualStudioVersion = 14.0.25420.1
MinimumVisualStudioVersion = 10.0.40219.1
Project("{FAE04EC0-301F-11D3-BF4B-00C04F79EFBC}") = "StockExchange.HistoricalForex.Import", "StockExchange.HistoricalForex.Import\StockExchange.HistoricalForex.Import.csproj", "{1694DB97-49F2-4232-9098-09EBB901241C}"
EndProject
Project("{FAE04EC0-301F-11D3-BF4B-00C04F79EFBC}") = "StockExchange.HistoricalForex.ImportDailyAverage", "StockExchange.HistoricalForex.ImportDailyAverage\StockExchange.HistoricalForex.ImportDailyAverage.csproj", "{FBC7A2F5-1C5D-4CCD-B241-60B3A7B0046B}"
EndProject
Global
	GlobalSection(SolutionConfigurationPlatforms) = preSolution
		Debug|Any CPU = Debug|Any CPU
		Release|Any CPU = Release|Any CPU
	EndGlobalSection
	GlobalSection(ProjectConfigurationPlatforms) = postSolution
		{1694DB97-49F2-4232-9098-09EBB901241C}.Debug|Any CPU.ActiveCfg = Debug|Any CPU
		{1694DB97-49F2-4232-9098-09EBB901241C}.Debug|Any CPU.Build.0 = Debug|Any CPU
		{1694DB97-49F2-4232-9098-09EBB901241C}.Release|Any CPU.ActiveCfg = Release|Any CPU
		{1694DB97-49F2-4232-9098-09EBB901241C}.Release|Any CPU.Build.0 = Release|Any CPU
		{FBC7A2F5-1C5D-4CCD-B241-60B3A7B0046B}.Debug|Any CPU.ActiveCfg = Debug|Any CPU
		{FBC7A2F5-1C5D-4CCD-B241-60B3A7B0046B}.Debug|Any CPU.Build.0 = Debug|Any CPU
		{FBC7A2F5-1C5D-4CCD-B241-60B3A7B0046B}.Release|Any CPU.ActiveCfg = Release|Any CPU
		{FBC7A2F5-1C5D-4CCD-B241-60B3A7B0046B}.Release|Any CPU.Build.0 = Release|Any CPU
	EndGlobalSection
	GlobalSection(SolutionProperties) = preSolution
		HideSolutionNode = FALSE
	EndGlobalSection
EndGlobal
